// !$*UTF8*$!
{
	archiveVersion = 1;
	classes = {
	};
	objectVersion = 48;
	objects = {

/* Begin PBXBuildFile section */
		02F82C8F20DBE4BC00A90FDE /* AppDelegate.swift in Sources */ = {isa = PBXBuildFile; fileRef = 02F82C8E20DBE4BC00A90FDE /* AppDelegate.swift */; };
		02F82C9120DBE4BC00A90FDE /* ViewController.swift in Sources */ = {isa = PBXBuildFile; fileRef = 02F82C9020DBE4BC00A90FDE /* ViewController.swift */; };
		02F82C9420DBE4BC00A90FDE /* Main.storyboard in Resources */ = {isa = PBXBuildFile; fileRef = 02F82C9220DBE4BC00A90FDE /* Main.storyboard */; };
		02F82C9620DBE4BC00A90FDE /* Assets.xcassets in Resources */ = {isa = PBXBuildFile; fileRef = 02F82C9520DBE4BC00A90FDE /* Assets.xcassets */; };
		02F82C9920DBE4BC00A90FDE /* LaunchScreen.storyboard in Resources */ = {isa = PBXBuildFile; fileRef = 02F82C9720DBE4BC00A90FDE /* LaunchScreen.storyboard */; };
		02F82CA420DBE4BC00A90FDE /* task10Tests.swift in Sources */ = {isa = PBXBuildFile; fileRef = 02F82CA320DBE4BC00A90FDE /* task10Tests.swift */; };
		02F82CAF20DBE4BC00A90FDE /* task10UITests.swift in Sources */ = {isa = PBXBuildFile; fileRef = 02F82CAE20DBE4BC00A90FDE /* task10UITests.swift */; };
/* End PBXBuildFile section */

/* Begin PBXContainerItemProxy section */
		02F82CA020DBE4BC00A90FDE /* PBXContainerItemProxy */ = {
			isa = PBXContainerItemProxy;
			containerPortal = 02F82C8320DBE4BB00A90FDE /* Project object */;
			proxyType = 1;
			remoteGlobalIDString = 02F82C8A20DBE4BB00A90FDE;
			remoteInfo = task10;
		};
		02F82CAB20DBE4BC00A90FDE /* PBXContainerItemProxy */ = {
			isa = PBXContainerItemProxy;
			containerPortal = 02F82C8320DBE4BB00A90FDE /* Project object */;
			proxyType = 1;
			remoteGlobalIDString = 02F82C8A20DBE4BB00A90FDE;
			remoteInfo = task10;
		};
/* End PBXContainerItemProxy section */

/* Begin PBXFileReference section */
		02F82C8B20DBE4BB00A90FDE /* task10.app */ = {isa = PBXFileReference; explicitFileType = wrapper.application; includeInIndex = 0; path = task10.app; sourceTree = BUILT_PRODUCTS_DIR; };
		02F82C8E20DBE4BC00A90FDE /* AppDelegate.swift */ = {isa = PBXFileReference; lastKnownFileType = sourcecode.swift; path = AppDelegate.swift; sourceTree = "<group>"; };
		02F82C9020DBE4BC00A90FDE /* ViewController.swift */ = {isa = PBXFileReference; lastKnownFileType = sourcecode.swift; path = ViewController.swift; sourceTree = "<group>"; };
		02F82C9320DBE4BC00A90FDE /* Base */ = {isa = PBXFileReference; lastKnownFileType = file.storyboard; name = Base; path = Base.lproj/Main.storyboard; sourceTree = "<group>"; };
		02F82C9520DBE4BC00A90FDE /* Assets.xcassets */ = {isa = PBXFileReference; lastKnownFileType = folder.assetcatalog; path = Assets.xcassets; sourceTree = "<group>"; };
		02F82C9820DBE4BC00A90FDE /* Base */ = {isa = PBXFileReference; lastKnownFileType = file.storyboard; name = Base; path = Base.lproj/LaunchScreen.storyboard; sourceTree = "<group>"; };
		02F82C9A20DBE4BC00A90FDE /* Info.plist */ = {isa = PBXFileReference; lastKnownFileType = text.plist.xml; path = Info.plist; sourceTree = "<group>"; };
		02F82C9F20DBE4BC00A90FDE /* task10Tests.xctest */ = {isa = PBXFileReference; explicitFileType = wrapper.cfbundle; includeInIndex = 0; path = task10Tests.xctest; sourceTree = BUILT_PRODUCTS_DIR; };
		02F82CA320DBE4BC00A90FDE /* task10Tests.swift */ = {isa = PBXFileReference; lastKnownFileType = sourcecode.swift; path = task10Tests.swift; sourceTree = "<group>"; };
		02F82CA520DBE4BC00A90FDE /* Info.plist */ = {isa = PBXFileReference; lastKnownFileType = text.plist.xml; path = Info.plist; sourceTree = "<group>"; };
		02F82CAA20DBE4BC00A90FDE /* task10UITests.xctest */ = {isa = PBXFileReference; explicitFileType = wrapper.cfbundle; includeInIndex = 0; path = task10UITests.xctest; sourceTree = BUILT_PRODUCTS_DIR; };
		02F82CAE20DBE4BC00A90FDE /* task10UITests.swift */ = {isa = PBXFileReference; lastKnownFileType = sourcecode.swift; path = task10UITests.swift; sourceTree = "<group>"; };
		02F82CB020DBE4BC00A90FDE /* Info.plist */ = {isa = PBXFileReference; lastKnownFileType = text.plist.xml; path = Info.plist; sourceTree = "<group>"; };
/* End PBXFileReference section */

/* Begin PBXFrameworksBuildPhase section */
		02F82C8820DBE4BB00A90FDE /* Frameworks */ = {
			isa = PBXFrameworksBuildPhase;
			buildActionMask = 2147483647;
			files = (
			);
			runOnlyForDeploymentPostprocessing = 0;
		};
		02F82C9C20DBE4BC00A90FDE /* Frameworks */ = {
			isa = PBXFrameworksBuildPhase;
			buildActionMask = 2147483647;
			files = (
			);
			runOnlyForDeploymentPostprocessing = 0;
		};
		02F82CA720DBE4BC00A90FDE /* Frameworks */ = {
			isa = PBXFrameworksBuildPhase;
			buildActionMask = 2147483647;
			files = (
			);
			runOnlyForDeploymentPostprocessing = 0;
		};
/* End PBXFrameworksBuildPhase section */

/* Begin PBXGroup section */
		02F82C8220DBE4BB00A90FDE = {
			isa = PBXGroup;
			children = (
				02F82C8D20DBE4BB00A90FDE /* task10 */,
				02F82CA220DBE4BC00A90FDE /* task10Tests */,
				02F82CAD20DBE4BC00A90FDE /* task10UITests */,
				02F82C8C20DBE4BB00A90FDE /* Products */,
			);
			sourceTree = "<group>";
		};
		02F82C8C20DBE4BB00A90FDE /* Products */ = {
			isa = PBXGroup;
			children = (
				02F82C8B20DBE4BB00A90FDE /* task10.app */,
				02F82C9F20DBE4BC00A90FDE /* task10Tests.xctest */,
				02F82CAA20DBE4BC00A90FDE /* task10UITests.xctest */,
			);
			name = Products;
			sourceTree = "<group>";
		};
		02F82C8D20DBE4BB00A90FDE /* task10 */ = {
			isa = PBXGroup;
			children = (
				02F82C8E20DBE4BC00A90FDE /* AppDelegate.swift */,
				02F82C9020DBE4BC00A90FDE /* ViewController.swift */,
				02F82C9220DBE4BC00A90FDE /* Main.storyboard */,
				02F82C9520DBE4BC00A90FDE /* Assets.xcassets */,
				02F82C9720DBE4BC00A90FDE /* LaunchScreen.storyboard */,
				02F82C9A20DBE4BC00A90FDE /* Info.plist */,
			);
			path = task10;
			sourceTree = "<group>";
		};
		02F82CA220DBE4BC00A90FDE /* task10Tests */ = {
			isa = PBXGroup;
			children = (
				02F82CA320DBE4BC00A90FDE /* task10Tests.swift */,
				02F82CA520DBE4BC00A90FDE /* Info.plist */,
			);
			path = task10Tests;
			sourceTree = "<group>";
		};
		02F82CAD20DBE4BC00A90FDE /* task10UITests */ = {
			isa = PBXGroup;
			children = (
				02F82CAE20DBE4BC00A90FDE /* task10UITests.swift */,
				02F82CB020DBE4BC00A90FDE /* Info.plist */,
			);
			path = task10UITests;
			sourceTree = "<group>";
		};
/* End PBXGroup section */

/* Begin PBXNativeTarget section */
		02F82C8A20DBE4BB00A90FDE /* task10 */ = {
			isa = PBXNativeTarget;
			buildConfigurationList = 02F82CB320DBE4BC00A90FDE /* Build configuration list for PBXNativeTarget "task10" */;
			buildPhases = (
				02F82C8720DBE4BB00A90FDE /* Sources */,
				02F82C8820DBE4BB00A90FDE /* Frameworks */,
				02F82C8920DBE4BB00A90FDE /* Resources */,
			);
			buildRules = (
			);
			dependencies = (
			);
			name = task10;
			productName = task10;
			productReference = 02F82C8B20DBE4BB00A90FDE /* task10.app */;
			productType = "com.apple.product-type.application";
		};
		02F82C9E20DBE4BC00A90FDE /* task10Tests */ = {
			isa = PBXNativeTarget;
			buildConfigurationList = 02F82CB620DBE4BC00A90FDE /* Build configuration list for PBXNativeTarget "task10Tests" */;
			buildPhases = (
				02F82C9B20DBE4BC00A90FDE /* Sources */,
				02F82C9C20DBE4BC00A90FDE /* Frameworks */,
				02F82C9D20DBE4BC00A90FDE /* Resources */,
			);
			buildRules = (
			);
			dependencies = (
				02F82CA120DBE4BC00A90FDE /* PBXTargetDependency */,
			);
			name = task10Tests;
			productName = task10Tests;
			productReference = 02F82C9F20DBE4BC00A90FDE /* task10Tests.xctest */;
			productType = "com.apple.product-type.bundle.unit-test";
		};
		02F82CA920DBE4BC00A90FDE /* task10UITests */ = {
			isa = PBXNativeTarget;
			buildConfigurationList = 02F82CB920DBE4BC00A90FDE /* Build configuration list for PBXNativeTarget "task10UITests" */;
			buildPhases = (
				02F82CA620DBE4BC00A90FDE /* Sources */,
				02F82CA720DBE4BC00A90FDE /* Frameworks */,
				02F82CA820DBE4BC00A90FDE /* Resources */,
			);
			buildRules = (
			);
			dependencies = (
				02F82CAC20DBE4BC00A90FDE /* PBXTargetDependency */,
			);
			name = task10UITests;
			productName = task10UITests;
			productReference = 02F82CAA20DBE4BC00A90FDE /* task10UITests.xctest */;
			productType = "com.apple.product-type.bundle.ui-testing";
		};
/* End PBXNativeTarget section */

/* Begin PBXProject section */
		02F82C8320DBE4BB00A90FDE /* Project object */ = {
			isa = PBXProject;
			attributes = {
				LastSwiftUpdateCheck = 0920;
				LastUpgradeCheck = 0920;
				ORGANIZATIONNAME = AndreyButyrchik;
				TargetAttributes = {
					02F82C8A20DBE4BB00A90FDE = {
						CreatedOnToolsVersion = 9.2;
						ProvisioningStyle = Automatic;
					};
					02F82C9E20DBE4BC00A90FDE = {
						CreatedOnToolsVersion = 9.2;
						ProvisioningStyle = Automatic;
						TestTargetID = 02F82C8A20DBE4BB00A90FDE;
					};
					02F82CA920DBE4BC00A90FDE = {
						CreatedOnToolsVersion = 9.2;
						ProvisioningStyle = Automatic;
						TestTargetID = 02F82C8A20DBE4BB00A90FDE;
					};
				};
			};
			buildConfigurationList = 02F82C8620DBE4BB00A90FDE /* Build configuration list for PBXProject "task10" */;
			compatibilityVersion = "Xcode 8.0";
			developmentRegion = en;
			hasScannedForEncodings = 0;
			knownRegions = (
				en,
				Base,
			);
			mainGroup = 02F82C8220DBE4BB00A90FDE;
			productRefGroup = 02F82C8C20DBE4BB00A90FDE /* Products */;
			projectDirPath = "";
			projectRoot = "";
			targets = (
				02F82C8A20DBE4BB00A90FDE /* task10 */,
				02F82C9E20DBE4BC00A90FDE /* task10Tests */,
				02F82CA920DBE4BC00A90FDE /* task10UITests */,
			);
		};
/* End PBXProject section */

/* Begin PBXResourcesBuildPhase section */
		02F82C8920DBE4BB00A90FDE /* Resources */ = {
			isa = PBXResourcesBuildPhase;
			buildActionMask = 2147483647;
			files = (
				02F82C9920DBE4BC00A90FDE /* LaunchScreen.storyboard in Resources */,
				02F82C9620DBE4BC00A90FDE /* Assets.xcassets in Resources */,
				02F82C9420DBE4BC00A90FDE /* Main.storyboard in Resources */,
			);
			runOnlyForDeploymentPostprocessing = 0;
		};
		02F82C9D20DBE4BC00A90FDE /* Resources */ = {
			isa = PBXResourcesBuildPhase;
			buildActionMask = 2147483647;
			files = (
			);
			runOnlyForDeploymentPostprocessing = 0;
		};
		02F82CA820DBE4BC00A90FDE /* Resources */ = {
			isa = PBXResourcesBuildPhase;
			buildActionMask = 2147483647;
			files = (
			);
			runOnlyForDeploymentPostprocessing = 0;
		};
/* End PBXResourcesBuildPhase section */

/* Begin PBXSourcesBuildPhase section */
		02F82C8720DBE4BB00A90FDE /* Sources */ = {
			isa = PBXSourcesBuildPhase;
			buildActionMask = 2147483647;
			files = (
				02F82C9120DBE4BC00A90FDE /* ViewController.swift in Sources */,
				02F82C8F20DBE4BC00A90FDE /* AppDelegate.swift in Sources */,
			);
			runOnlyForDeploymentPostprocessing = 0;
		};
		02F82C9B20DBE4BC00A90FDE /* Sources */ = {
			isa = PBXSourcesBuildPhase;
			buildActionMask = 2147483647;
			files = (
				02F82CA420DBE4BC00A90FDE /* task10Tests.swift in Sources */,
			);
			runOnlyForDeploymentPostprocessing = 0;
		};
		02F82CA620DBE4BC00A90FDE /* Sources */ = {
			isa = PBXSourcesBuildPhase;
			buildActionMask = 2147483647;
			files = (
				02F82CAF20DBE4BC00A90FDE /* task10UITests.swift in Sources */,
			);
			runOnlyForDeploymentPostprocessing = 0;
		};
/* End PBXSourcesBuildPhase section */

/* Begin PBXTargetDependency section */
		02F82CA120DBE4BC00A90FDE /* PBXTargetDependency */ = {
			isa = PBXTargetDependency;
			target = 02F82C8A20DBE4BB00A90FDE /* task10 */;
			targetProxy = 02F82CA020DBE4BC00A90FDE /* PBXContainerItemProxy */;
		};
		02F82CAC20DBE4BC00A90FDE /* PBXTargetDependency */ = {
			isa = PBXTargetDependency;
			target = 02F82C8A20DBE4BB00A90FDE /* task10 */;
			targetProxy = 02F82CAB20DBE4BC00A90FDE /* PBXContainerItemProxy */;
		};
/* End PBXTargetDependency section */

/* Begin PBXVariantGroup section */
		02F82C9220DBE4BC00A90FDE /* Main.storyboard */ = {
			isa = PBXVariantGroup;
			children = (
				02F82C9320DBE4BC00A90FDE /* Base */,
			);
			name = Main.storyboard;
			sourceTree = "<group>";
		};
		02F82C9720DBE4BC00A90FDE /* LaunchScreen.storyboard */ = {
			isa = PBXVariantGroup;
			children = (
				02F82C9820DBE4BC00A90FDE /* Base */,
			);
			name = LaunchScreen.storyboard;
			sourceTree = "<group>";
		};
/* End PBXVariantGroup section */

/* Begin XCBuildConfiguration section */
		02F82CB120DBE4BC00A90FDE /* Debug */ = {
			isa = XCBuildConfiguration;
			buildSettings = {
				ALWAYS_SEARCH_USER_PATHS = NO;
				CLANG_ANALYZER_NONNULL = YES;
				CLANG_ANALYZER_NUMBER_OBJECT_CONVERSION = YES_AGGRESSIVE;
				CLANG_CXX_LANGUAGE_STANDARD = "gnu++14";
				CLANG_CXX_LIBRARY = "libc++";
				CLANG_ENABLE_MODULES = YES;
				CLANG_ENABLE_OBJC_ARC = YES;
				CLANG_WARN_BLOCK_CAPTURE_AUTORELEASING = YES;
				CLANG_WARN_BOOL_CONVERSION = YES;
				CLANG_WARN_COMMA = YES;
				CLANG_WARN_CONSTANT_CONVERSION = YES;
				CLANG_WARN_DIRECT_OBJC_ISA_USAGE = YES_ERROR;
				CLANG_WARN_DOCUMENTATION_COMMENTS = YES;
				CLANG_WARN_EMPTY_BODY = YES;
				CLANG_WARN_ENUM_CONVERSION = YES;
				CLANG_WARN_INFINITE_RECURSION = YES;
				CLANG_WARN_INT_CONVERSION = YES;
				CLANG_WARN_NON_LITERAL_NULL_CONVERSION = YES;
				CLANG_WARN_OBJC_LITERAL_CONVERSION = YES;
				CLANG_WARN_OBJC_ROOT_CLASS = YES_ERROR;
				CLANG_WARN_RANGE_LOOP_ANALYSIS = YES;
				CLANG_WARN_STRICT_PROTOTYPES = YES;
				CLANG_WARN_SUSPICIOUS_MOVE = YES;
				CLANG_WARN_UNGUARDED_AVAILABILITY = YES_AGGRESSIVE;
				CLANG_WARN_UNREACHABLE_CODE = YES;
				CLANG_WARN__DUPLICATE_METHOD_MATCH = YES;
				CODE_SIGN_IDENTITY = "iPhone Developer";
				COPY_PHASE_STRIP = NO;
				DEBUG_INFORMATION_FORMAT = dwarf;
				ENABLE_STRICT_OBJC_MSGSEND = YES;
				ENABLE_TESTABILITY = YES;
				GCC_C_LANGUAGE_STANDARD = gnu11;
				GCC_DYNAMIC_NO_PIC = NO;
				GCC_NO_COMMON_BLOCKS = YES;
				GCC_OPTIMIZATION_LEVEL = 0;
				GCC_PREPROCESSOR_DEFINITIONS = (
					"DEBUG=1",
					"$(inherited)",
				);
				GCC_WARN_64_TO_32_BIT_CONVERSION = YES;
				GCC_WARN_ABOUT_RETURN_TYPE = YES_ERROR;
				GCC_WARN_UNDECLARED_SELECTOR = YES;
				GCC_WARN_UNINITIALIZED_AUTOS = YES_AGGRESSIVE;
				GCC_WARN_UNUSED_FUNCTION = YES;
				GCC_WARN_UNUSED_VARIABLE = YES;
				IPHONEOS_DEPLOYMENT_TARGET = 11.2;
				MTL_ENABLE_DEBUG_INFO = YES;
				ONLY_ACTIVE_ARCH = YES;
				SDKROOT = iphoneos;
				SWIFT_ACTIVE_COMPILATION_CONDITIONS = DEBUG;
				SWIFT_OPTIMIZATION_LEVEL = "-Onone";
			};
			name = Debug;
		};
		02F82CB220DBE4BC00A90FDE /* Release */ = {
			isa = XCBuildConfiguration;
			buildSettings = {
				ALWAYS_SEARCH_USER_PATHS = NO;
				CLANG_ANALYZER_NONNULL = YES;
				CLANG_ANALYZER_NUMBER_OBJECT_CONVERSION = YES_AGGRESSIVE;
				CLANG_CXX_LANGUAGE_STANDARD = "gnu++14";
				CLANG_CXX_LIBRARY = "libc++";
				CLANG_ENABLE_MODULES = YES;
				CLANG_ENABLE_OBJC_ARC = YES;
				CLANG_WARN_BLOCK_CAPTURE_AUTORELEASING = YES;
				CLANG_WARN_BOOL_CONVERSION = YES;
				CLANG_WARN_COMMA = YES;
				CLANG_WARN_CONSTANT_CONVERSION = YES;
				CLANG_WARN_DIRECT_OBJC_ISA_USAGE = YES_ERROR;
				CLANG_WARN_DOCUMENTATION_COMMENTS = YES;
				CLANG_WARN_EMPTY_BODY = YES;
				CLANG_WARN_ENUM_CONVERSION = YES;
				CLANG_WARN_INFINITE_RECURSION = YES;
				CLANG_WARN_INT_CONVERSION = YES;
				CLANG_WARN_NON_LITERAL_NULL_CONVERSION = YES;
				CLANG_WARN_OBJC_LITERAL_CONVERSION = YES;
				CLANG_WARN_OBJC_ROOT_CLASS = YES_ERROR;
				CLANG_WARN_RANGE_LOOP_ANALYSIS = YES;
				CLANG_WARN_STRICT_PROTOTYPES = YES;
				CLANG_WARN_SUSPICIOUS_MOVE = YES;
				CLANG_WARN_UNGUARDED_AVAILABILITY = YES_AGGRESSIVE;
				CLANG_WARN_UNREACHABLE_CODE = YES;
				CLANG_WARN__DUPLICATE_METHOD_MATCH = YES;
				CODE_SIGN_IDENTITY = "iPhone Developer";
				COPY_PHASE_STRIP = NO;
				DEBUG_INFORMATION_FORMAT = "dwarf-with-dsym";
				ENABLE_NS_ASSERTIONS = NO;
				ENABLE_STRICT_OBJC_MSGSEND = YES;
				GCC_C_LANGUAGE_STANDARD = gnu11;
				GCC_NO_COMMON_BLOCKS = YES;
				GCC_WARN_64_TO_32_BIT_CONVERSION = YES;
				GCC_WARN_ABOUT_RETURN_TYPE = YES_ERROR;
				GCC_WARN_UNDECLARED_SELECTOR = YES;
				GCC_WARN_UNINITIALIZED_AUTOS = YES_AGGRESSIVE;
				GCC_WARN_UNUSED_FUNCTION = YES;
				GCC_WARN_UNUSED_VARIABLE = YES;
				IPHONEOS_DEPLOYMENT_TARGET = 11.2;
				MTL_ENABLE_DEBUG_INFO = NO;
				SDKROOT = iphoneos;
				SWIFT_OPTIMIZATION_LEVEL = "-Owholemodule";
				VALIDATE_PRODUCT = YES;
			};
			name = Release;
		};
		02F82CB420DBE4BC00A90FDE /* Debug */ = {
			isa = XCBuildConfiguration;
			buildSettings = {
				ASSETCATALOG_COMPILER_APPICON_NAME = AppIcon;
				CODE_SIGN_STYLE = Automatic;
				INFOPLIST_FILE = task10/Info.plist;
				LD_RUNPATH_SEARCH_PATHS = "$(inherited) @executable_path/Frameworks";
				PRODUCT_BUNDLE_IDENTIFIER = "-23.task10";
				PRODUCT_NAME = "$(TARGET_NAME)";
				SWIFT_VERSION = 4.0;
				TARGETED_DEVICE_FAMILY = "1,2";
			};
			name = Debug;
		};
		02F82CB520DBE4BC00A90FDE /* Release */ = {
			isa = XCBuildConfiguration;
			buildSettings = {
				ASSETCATALOG_COMPILER_APPICON_NAME = AppIcon;
				CODE_SIGN_STYLE = Automatic;
				INFOPLIST_FILE = task10/Info.plist;
				LD_RUNPATH_SEARCH_PATHS = "$(inherited) @executable_path/Frameworks";
				PRODUCT_BUNDLE_IDENTIFIER = "-23.task10";
				PRODUCT_NAME = "$(TARGET_NAME)";
				SWIFT_VERSION = 4.0;
				TARGETED_DEVICE_FAMILY = "1,2";
			};
			name = Release;
		};
		02F82CB720DBE4BC00A90FDE /* Debug */ = {
			isa = XCBuildConfiguration;
			buildSettings = {
				ALWAYS_EMBED_SWIFT_STANDARD_LIBRARIES = YES;
				BUNDLE_LOADER = "$(TEST_HOST)";
				CODE_SIGN_STYLE = Automatic;
				INFOPLIST_FILE = task10Tests/Info.plist;
				LD_RUNPATH_SEARCH_PATHS = "$(inherited) @executable_path/Frameworks @loader_path/Frameworks";
				PRODUCT_BUNDLE_IDENTIFIER = "-23.task10Tests";
				PRODUCT_NAME = "$(TARGET_NAME)";
				SWIFT_VERSION = 4.0;
				TARGETED_DEVICE_FAMILY = "1,2";
				TEST_HOST = "$(BUILT_PRODUCTS_DIR)/task10.app/task10";
			};
			name = Debug;
		};
		02F82CB820DBE4BC00A90FDE /* Release */ = {
			isa = XCBuildConfiguration;
			buildSettings = {
				ALWAYS_EMBED_SWIFT_STANDARD_LIBRARIES = YES;
				BUNDLE_LOADER = "$(TEST_HOST)";
				CODE_SIGN_STYLE = Automatic;
				INFOPLIST_FILE = task10Tests/Info.plist;
				LD_RUNPATH_SEARCH_PATHS = "$(inherited) @executable_path/Frameworks @loader_path/Frameworks";
				PRODUCT_BUNDLE_IDENTIFIER = "-23.task10Tests";
				PRODUCT_NAME = "$(TARGET_NAME)";
				SWIFT_VERSION = 4.0;
				TARGETED_DEVICE_FAMILY = "1,2";
				TEST_HOST = "$(BUILT_PRODUCTS_DIR)/task10.app/task10";
			};
			name = Release;
		};
		02F82CBA20DBE4BC00A90FDE /* Debug */ = {
			isa = XCBuildConfiguration;
			buildSettings = {
				ALWAYS_EMBED_SWIFT_STANDARD_LIBRARIES = YES;
				CODE_SIGN_STYLE = Automatic;
				INFOPLIST_FILE = task10UITests/Info.plist;
				LD_RUNPATH_SEARCH_PATHS = "$(inherited) @executable_path/Frameworks @loader_path/Frameworks";
				PRODUCT_BUNDLE_IDENTIFIER = "-23.task10UITests";
				PRODUCT_NAME = "$(TARGET_NAME)";
				SWIFT_VERSION = 4.0;
				TARGETED_DEVICE_FAMILY = "1,2";
				TEST_TARGET_NAME = task10;
			};
			name = Debug;
		};
		02F82CBB20DBE4BC00A90FDE /* Release */ = {
			isa = XCBuildConfiguration;
			buildSettings = {
				ALWAYS_EMBED_SWIFT_STANDARD_LIBRARIES = YES;
				CODE_SIGN_STYLE = Automatic;
				INFOPLIST_FILE = task10UITests/Info.plist;
				LD_RUNPATH_SEARCH_PATHS = "$(inherited) @executable_path/Frameworks @loader_path/Frameworks";
				PRODUCT_BUNDLE_IDENTIFIER = "-23.task10UITests";
				PRODUCT_NAME = "$(TARGET_NAME)";
				SWIFT_VERSION = 4.0;
				TARGETED_DEVICE_FAMILY = "1,2";
				TEST_TARGET_NAME = task10;
			};
			name = Release;
		};
/* End XCBuildConfiguration section */

/* Begin XCConfigurationList section */
		02F82C8620DBE4BB00A90FDE /* Build configuration list for PBXProject "task10" */ = {
			isa = XCConfigurationList;
			buildConfigurations = (
				02F82CB120DBE4BC00A90FDE /* Debug */,
				02F82CB220DBE4BC00A90FDE /* Release */,
			);
			defaultConfigurationIsVisible = 0;
			defaultConfigurationName = Release;
		};
		02F82CB320DBE4BC00A90FDE /* Build configuration list for PBXNativeTarget "task10" */ = {
			isa = XCConfigurationList;
			buildConfigurations = (
				02F82CB420DBE4BC00A90FDE /* Debug */,
				02F82CB520DBE4BC00A90FDE /* Release */,
			);
			defaultConfigurationIsVisible = 0;
			defaultConfigurationName = Release;
		};
		02F82CB620DBE4BC00A90FDE /* Build configuration list for PBXNativeTarget "task10Tests" */ = {
			isa = XCConfigurationList;
			buildConfigurations = (
				02F82CB720DBE4BC00A90FDE /* Debug */,
				02F82CB820DBE4BC00A90FDE /* Release */,
			);
			defaultConfigurationIsVisible = 0;
			defaultConfigurationName = Release;
		};
		02F82CB920DBE4BC00A90FDE /* Build configuration list for PBXNativeTarget "task10UITests" */ = {
			isa = XCConfigurationList;
			buildConfigurations = (
				02F82CBA20DBE4BC00A90FDE /* Debug */,
				02F82CBB20DBE4BC00A90FDE /* Release */,
			);
			defaultConfigurationIsVisible = 0;
			defaultConfigurationName = Release;
		};
/* End XCConfigurationList section */
	};
	rootObject = 02F82C8320DBE4BB00A90FDE /* Project object */;
}
